
Microsoft Visual Studio Solution File, Format Version 12.00
# Visual Studio Version 16
VisualStudioVersion = 16.0.29926.136
MinimumVisualStudioVersion = 10.0.40219.1
Project("{FAE04EC0-301F-11D3-BF4B-00C04F79EFBC}") = "IR_PC_Controller", "IR_PC_Controller\IR_PC_Controller.csproj", "{9A9905CA-78B6-4EEC-8C30-F92644853700}"
EndProject
Global
	GlobalSection(SolutionConfigurationPlatforms) = preSolution
		Debug|Any CPU = Debug|Any CPU
		Release|Any CPU = Release|Any CPU
	EndGlobalSection
	GlobalSection(ProjectConfigurationPlatforms) = postSolution
		{9A9905CA-78B6-4EEC-8C30-F92644853700}.Debug|Any CPU.ActiveCfg = Debug|Any CPU
		{9A9905CA-78B6-4EEC-8C30-F92644853700}.Debug|Any CPU.Build.0 = Debug|Any CPU
		{9A9905CA-78B6-4EEC-8C30-F92644853700}.Release|Any CPU.ActiveCfg = Release|Any CPU
		{9A9905CA-78B6-4EEC-8C30-F92644853700}.Release|Any CPU.Build.0 = Release|Any CPU
	EndGlobalSection
	GlobalSection(SolutionProperties) = preSolution
		HideSolutionNode = FALSE
	EndGlobalSection
	GlobalSection(ExtensibilityGlobals) = postSolution
		SolutionGuid = {8370BB0C-2D85-4384-A5AB-79633EC3398C}
	EndGlobalSection
EndGlobal
